
Microsoft Visual Studio Solution File, Format Version 12.00
# Visual Studio Version 17
VisualStudioVersion = 17.14.36804.6 d17.14
MinimumVisualStudioVersion = 10.0.40219.1
Project("{888888A0-9F3D-457C-B088-3A5042F75D52}") = "SmartFoodChatbot", "SmartFoodChatbot.pyproj", "{D0183E78-2583-424A-9960-6710B2E6D1A8}"
EndProject
Global
	GlobalSection(SolutionConfigurationPlatforms) = preSolution
		Debug|Any CPU = Debug|Any CPU
		Release|Any CPU = Release|Any CPU
	EndGlobalSection
	GlobalSection(ProjectConfigurationPlatforms) = postSolution
		{D0183E78-2583-424A-9960-6710B2E6D1A8}.Debug|Any CPU.ActiveCfg = Debug|Any CPU
		{D0183E78-2583-424A-9960-6710B2E6D1A8}.Release|Any CPU.ActiveCfg = Release|Any CPU
	EndGlobalSection
	GlobalSection(SolutionProperties) = preSolution
		HideSolutionNode = FALSE
	EndGlobalSection
	GlobalSection(ExtensibilityGlobals) = postSolution
		SolutionGuid = {BE27384B-BA82-4CA1-8A9F-E2B47FAF4E13}
	EndGlobalSection
EndGlobal
